// !$*UTF8*$!
{
	archiveVersion = 1;
	classes = {
	};
	objectVersion = 46;
	objects = {

/* Begin PBXBuildFile section */
		9C77E2A3AC2503BA0AE82D46 /* libPods.a in Frameworks */ = {isa = PBXBuildFile; fileRef = 1F27DB81AA3FBD8E3D5F506E /* libPods.a */; };
		A216338C1AC7315400578B5C /* CoreData.framework in Frameworks */ = {isa = PBXBuildFile; fileRef = A216338B1AC7315400578B5C /* CoreData.framework */; };
		A21F28C11AC6EDCE00E12827 /* AppDelegate.swift in Sources */ = {isa = PBXBuildFile; fileRef = A21F28C01AC6EDCE00E12827 /* AppDelegate.swift */; };
		A21F28C81AC6EDCE00E12827 /* Main.storyboard in Resources */ = {isa = PBXBuildFile; fileRef = A21F28C61AC6EDCE00E12827 /* Main.storyboard */; };
		A21F28CA1AC6EDCE00E12827 /* Images.xcassets in Resources */ = {isa = PBXBuildFile; fileRef = A21F28C91AC6EDCE00E12827 /* Images.xcassets */; };
		A21F28CD1AC6EDCE00E12827 /* LaunchScreen.xib in Resources */ = {isa = PBXBuildFile; fileRef = A21F28CB1AC6EDCE00E12827 /* LaunchScreen.xib */; };
		A21F28D91AC6EDCE00E12827 /* GainsTests.swift in Sources */ = {isa = PBXBuildFile; fileRef = A21F28D81AC6EDCE00E12827 /* GainsTests.swift */; };
		A272D9941AC8276A007D9142 /* WorkoutContentTableViewController.swift in Sources */ = {isa = PBXBuildFile; fileRef = A272D9931AC8276A007D9142 /* WorkoutContentTableViewController.swift */; };
		A2932AF01AC9F13800C7CD77 /* Sets.swift in Sources */ = {isa = PBXBuildFile; fileRef = A2932AEF1AC9F13800C7CD77 /* Sets.swift */; };
		A2932AF61ACA405900C7CD77 /* Podfile in Resources */ = {isa = PBXBuildFile; fileRef = A2932AF51ACA405900C7CD77 /* Podfile */; };
		A2B2764B1ACF2E1900A68D77 /* WebViewController.swift in Sources */ = {isa = PBXBuildFile; fileRef = A2B2764A1ACF2E1900A68D77 /* WebViewController.swift */; };
		A2DED2D71AC8615E00ACF419 /* WorkoutPageViewControllerDelegate.swift in Sources */ = {isa = PBXBuildFile; fileRef = A2DED2D61AC8615E00ACF419 /* WorkoutPageViewControllerDelegate.swift */; };
/* End PBXBuildFile section */

/* Begin PBXContainerItemProxy section */
		A21F28D31AC6EDCE00E12827 /* PBXContainerItemProxy */ = {
			isa = PBXContainerItemProxy;
			containerPortal = A21F28B31AC6EDCE00E12827 /* Project object */;
			proxyType = 1;
			remoteGlobalIDString = A21F28BA1AC6EDCE00E12827;
			remoteInfo = Gains;
		};
/* End PBXContainerItemProxy section */

/* Begin PBXFileReference section */
		0E7E25C42B71673EEFB96A5A /* Pods.release.xcconfig */ = {isa = PBXFileReference; includeInIndex = 1; lastKnownFileType = text.xcconfig; name = Pods.release.xcconfig; path = "Pods/Target Support Files/Pods/Pods.release.xcconfig"; sourceTree = "<group>"; };
		1F27DB81AA3FBD8E3D5F506E /* libPods.a */ = {isa = PBXFileReference; explicitFileType = archive.ar; includeInIndex = 0; path = libPods.a; sourceTree = BUILT_PRODUCTS_DIR; };
		89579D4FFD1BBFAD166D609A /* Pods.debug.xcconfig */ = {isa = PBXFileReference; includeInIndex = 1; lastKnownFileType = text.xcconfig; name = Pods.debug.xcconfig; path = "Pods/Target Support Files/Pods/Pods.debug.xcconfig"; sourceTree = "<group>"; };
		A216338B1AC7315400578B5C /* CoreData.framework */ = {isa = PBXFileReference; lastKnownFileType = wrapper.framework; name = CoreData.framework; path = System/Library/Frameworks/CoreData.framework; sourceTree = SDKROOT; };
		A21F28BB1AC6EDCE00E12827 /* MakeSwipeTables.app */ = {isa = PBXFileReference; explicitFileType = wrapper.application; includeInIndex = 0; path = MakeSwipeTables.app; sourceTree = BUILT_PRODUCTS_DIR; };
		A21F28BF1AC6EDCE00E12827 /* Info.plist */ = {isa = PBXFileReference; lastKnownFileType = text.plist.xml; path = Info.plist; sourceTree = "<group>"; };
		A21F28C01AC6EDCE00E12827 /* AppDelegate.swift */ = {isa = PBXFileReference; lastKnownFileType = sourcecode.swift; path = AppDelegate.swift; sourceTree = "<group>"; };
		A21F28C71AC6EDCE00E12827 /* Base */ = {isa = PBXFileReference; lastKnownFileType = file.storyboard; name = Base; path = Base.lproj/Main.storyboard; sourceTree = "<group>"; };
		A21F28C91AC6EDCE00E12827 /* Images.xcassets */ = {isa = PBXFileReference; lastKnownFileType = folder.assetcatalog; path = Images.xcassets; sourceTree = "<group>"; };
		A21F28CC1AC6EDCE00E12827 /* Base */ = {isa = PBXFileReference; lastKnownFileType = file.xib; name = Base; path = Base.lproj/LaunchScreen.xib; sourceTree = "<group>"; };
		A21F28D21AC6EDCE00E12827 /* MakeSwipeTablesTests.xctest */ = {isa = PBXFileReference; explicitFileType = wrapper.cfbundle; includeInIndex = 0; path = MakeSwipeTablesTests.xctest; sourceTree = BUILT_PRODUCTS_DIR; };
		A21F28D71AC6EDCE00E12827 /* Info.plist */ = {isa = PBXFileReference; lastKnownFileType = text.plist.xml; path = Info.plist; sourceTree = "<group>"; };
		A21F28D81AC6EDCE00E12827 /* GainsTests.swift */ = {isa = PBXFileReference; lastKnownFileType = sourcecode.swift; path = GainsTests.swift; sourceTree = "<group>"; };
		A272D9931AC8276A007D9142 /* WorkoutContentTableViewController.swift */ = {isa = PBXFileReference; fileEncoding = 4; lastKnownFileType = sourcecode.swift; path = WorkoutContentTableViewController.swift; sourceTree = "<group>"; };
		A2932AEF1AC9F13800C7CD77 /* Sets.swift */ = {isa = PBXFileReference; fileEncoding = 4; lastKnownFileType = sourcecode.swift; name = Sets.swift; path = ../Sets.swift; sourceTree = "<group>"; };
		A2932AF51ACA405900C7CD77 /* Podfile */ = {isa = PBXFileReference; fileEncoding = 4; lastKnownFileType = text; path = Podfile; sourceTree = SOURCE_ROOT; };
		A2B2764A1ACF2E1900A68D77 /* WebViewController.swift */ = {isa = PBXFileReference; fileEncoding = 4; lastKnownFileType = sourcecode.swift; path = WebViewController.swift; sourceTree = "<group>"; };
		A2DED2D61AC8615E00ACF419 /* WorkoutPageViewControllerDelegate.swift */ = {isa = PBXFileReference; fileEncoding = 4; lastKnownFileType = sourcecode.swift; path = WorkoutPageViewControllerDelegate.swift; sourceTree = "<group>"; };
/* End PBXFileReference section */

/* Begin PBXFrameworksBuildPhase section */
		A21F28B81AC6EDCE00E12827 /* Frameworks */ = {
			isa = PBXFrameworksBuildPhase;
			buildActionMask = 2147483647;
			files = (
				A216338C1AC7315400578B5C /* CoreData.framework in Frameworks */,
				9C77E2A3AC2503BA0AE82D46 /* libPods.a in Frameworks */,
			);
			runOnlyForDeploymentPostprocessing = 0;
		};
		A21F28CF1AC6EDCE00E12827 /* Frameworks */ = {
			isa = PBXFrameworksBuildPhase;
			buildActionMask = 2147483647;
			files = (
			);
			runOnlyForDeploymentPostprocessing = 0;
		};
/* End PBXFrameworksBuildPhase section */

/* Begin PBXGroup section */
		A21F28B21AC6EDCE00E12827 = {
			isa = PBXGroup;
			children = (
				A216338B1AC7315400578B5C /* CoreData.framework */,
				A21F28BD1AC6EDCE00E12827 /* Gains */,
				A21F28D51AC6EDCE00E12827 /* GainsTests */,
				A21F28BC1AC6EDCE00E12827 /* Products */,
				F9251864363AB62E7E356D8C /* Pods */,
				FE1B932D7ECAA9E147E9FBF3 /* Frameworks */,
			);
			sourceTree = "<group>";
		};
		A21F28BC1AC6EDCE00E12827 /* Products */ = {
			isa = PBXGroup;
			children = (
				A21F28BB1AC6EDCE00E12827 /* MakeSwipeTables.app */,
				A21F28D21AC6EDCE00E12827 /* MakeSwipeTablesTests.xctest */,
			);
			name = Products;
			sourceTree = "<group>";
		};
		A21F28BD1AC6EDCE00E12827 /* Gains */ = {
			isa = PBXGroup;
			children = (
				A272D9981AC82C08007D9142 /* Controllers */,
				A21F28C61AC6EDCE00E12827 /* Main.storyboard */,
				A272D9971AC82BFC007D9142 /* Model */,
				A21F28BE1AC6EDCE00E12827 /* Supporting Files */,
			);
			path = Gains;
			sourceTree = "<group>";
		};
		A21F28BE1AC6EDCE00E12827 /* Supporting Files */ = {
			isa = PBXGroup;
			children = (
				A21F28C91AC6EDCE00E12827 /* Images.xcassets */,
				A21F28CB1AC6EDCE00E12827 /* LaunchScreen.xib */,
				A21F28C01AC6EDCE00E12827 /* AppDelegate.swift */,
				A2932AF51ACA405900C7CD77 /* Podfile */,
				A21F28BF1AC6EDCE00E12827 /* Info.plist */,
			);
			name = "Supporting Files";
			sourceTree = "<group>";
		};
		A21F28D51AC6EDCE00E12827 /* GainsTests */ = {
			isa = PBXGroup;
			children = (
				A21F28D81AC6EDCE00E12827 /* GainsTests.swift */,
				A21F28D61AC6EDCE00E12827 /* Supporting Files */,
			);
			path = GainsTests;
			sourceTree = "<group>";
		};
		A21F28D61AC6EDCE00E12827 /* Supporting Files */ = {
			isa = PBXGroup;
			children = (
				A21F28D71AC6EDCE00E12827 /* Info.plist */,
			);
			name = "Supporting Files";
			sourceTree = "<group>";
		};
		A272D9971AC82BFC007D9142 /* Model */ = {
			isa = PBXGroup;
			children = (
				A2932AEF1AC9F13800C7CD77 /* Sets.swift */,
			);
			name = Model;
			sourceTree = "<group>";
		};
		A272D9981AC82C08007D9142 /* Controllers */ = {
			isa = PBXGroup;
			children = (
				A2DED2D61AC8615E00ACF419 /* WorkoutPageViewControllerDelegate.swift */,
				A272D9931AC8276A007D9142 /* WorkoutContentTableViewController.swift */,
				A2B2764A1ACF2E1900A68D77 /* WebViewController.swift */,
			);
			name = Controllers;
			sourceTree = "<group>";
		};
		F9251864363AB62E7E356D8C /* Pods */ = {
			isa = PBXGroup;
			children = (
				89579D4FFD1BBFAD166D609A /* Pods.debug.xcconfig */,
				0E7E25C42B71673EEFB96A5A /* Pods.release.xcconfig */,
			);
			name = Pods;
			sourceTree = "<group>";
		};
		FE1B932D7ECAA9E147E9FBF3 /* Frameworks */ = {
			isa = PBXGroup;
			children = (
				1F27DB81AA3FBD8E3D5F506E /* libPods.a */,
			);
			name = Frameworks;
			sourceTree = "<group>";
		};
/* End PBXGroup section */

/* Begin PBXNativeTarget section */
		A21F28BA1AC6EDCE00E12827 /* MakeSwipeTables */ = {
			isa = PBXNativeTarget;
			buildConfigurationList = A21F28DC1AC6EDCE00E12827 /* Build configuration list for PBXNativeTarget "MakeSwipeTables" */;
			buildPhases = (
				8BDDB78A939B83126258EE8D /* Check Pods Manifest.lock */,
				A21F28B71AC6EDCE00E12827 /* Sources */,
				A21F28B81AC6EDCE00E12827 /* Frameworks */,
				A21F28B91AC6EDCE00E12827 /* Resources */,
				78341D0C20D9280CB3FC3CAB /* Copy Pods Resources */,
			);
			buildRules = (
			);
			dependencies = (
			);
			name = MakeSwipeTables;
			productName = Gains;
			productReference = A21F28BB1AC6EDCE00E12827 /* MakeSwipeTables.app */;
			productType = "com.apple.product-type.application";
		};
		A21F28D11AC6EDCE00E12827 /* MakeSwipeTablesTests */ = {
			isa = PBXNativeTarget;
			buildConfigurationList = A21F28DF1AC6EDCE00E12827 /* Build configuration list for PBXNativeTarget "MakeSwipeTablesTests" */;
			buildPhases = (
				A21F28CE1AC6EDCE00E12827 /* Sources */,
				A21F28CF1AC6EDCE00E12827 /* Frameworks */,
				A21F28D01AC6EDCE00E12827 /* Resources */,
			);
			buildRules = (
			);
			dependencies = (
				A21F28D41AC6EDCE00E12827 /* PBXTargetDependency */,
			);
			name = MakeSwipeTablesTests;
			productName = GainsTests;
			productReference = A21F28D21AC6EDCE00E12827 /* MakeSwipeTablesTests.xctest */;
			productType = "com.apple.product-type.bundle.unit-test";
		};
/* End PBXNativeTarget section */

/* Begin PBXProject section */
		A21F28B31AC6EDCE00E12827 /* Project object */ = {
			isa = PBXProject;
			attributes = {
				LastUpgradeCheck = 0620;
				ORGANIZATIONNAME = Zleman;
				TargetAttributes = {
					A21F28BA1AC6EDCE00E12827 = {
						CreatedOnToolsVersion = 6.2;
					};
					A21F28D11AC6EDCE00E12827 = {
						CreatedOnToolsVersion = 6.2;
						TestTargetID = A21F28BA1AC6EDCE00E12827;
					};
				};
			};
			buildConfigurationList = A21F28B61AC6EDCE00E12827 /* Build configuration list for PBXProject "MakeSwipeTables" */;
			compatibilityVersion = "Xcode 3.2";
			developmentRegion = English;
			hasScannedForEncodings = 0;
			knownRegions = (
				en,
				Base,
			);
			mainGroup = A21F28B21AC6EDCE00E12827;
			productRefGroup = A21F28BC1AC6EDCE00E12827 /* Products */;
			projectDirPath = "";
			projectRoot = "";
			targets = (
				A21F28BA1AC6EDCE00E12827 /* MakeSwipeTables */,
				A21F28D11AC6EDCE00E12827 /* MakeSwipeTablesTests */,
			);
		};
/* End PBXProject section */

/* Begin PBXResourcesBuildPhase section */
		A21F28B91AC6EDCE00E12827 /* Resources */ = {
			isa = PBXResourcesBuildPhase;
			buildActionMask = 2147483647;
			files = (
				A21F28C81AC6EDCE00E12827 /* Main.storyboard in Resources */,
				A21F28CD1AC6EDCE00E12827 /* LaunchScreen.xib in Resources */,
				A2932AF61ACA405900C7CD77 /* Podfile in Resources */,
				A21F28CA1AC6EDCE00E12827 /* Images.xcassets in Resources */,
			);
			runOnlyForDeploymentPostprocessing = 0;
		};
		A21F28D01AC6EDCE00E12827 /* Resources */ = {
			isa = PBXResourcesBuildPhase;
			buildActionMask = 2147483647;
			files = (
			);
			runOnlyForDeploymentPostprocessing = 0;
		};
/* End PBXResourcesBuildPhase section */

/* Begin PBXShellScriptBuildPhase section */
		78341D0C20D9280CB3FC3CAB /* Copy Pods Resources */ = {
			isa = PBXShellScriptBuildPhase;
			buildActionMask = 2147483647;
			files = (
			);
			inputPaths = (
			);
			name = "Copy Pods Resources";
			outputPaths = (
			);
			runOnlyForDeploymentPostprocessing = 0;
			shellPath = /bin/sh;
			shellScript = "\"${SRCROOT}/Pods/Target Support Files/Pods/Pods-resources.sh\"\n";
			showEnvVarsInLog = 0;
		};
		8BDDB78A939B83126258EE8D /* Check Pods Manifest.lock */ = {
			isa = PBXShellScriptBuildPhase;
			buildActionMask = 2147483647;
			files = (
			);
			inputPaths = (
			);
			name = "Check Pods Manifest.lock";
			outputPaths = (
			);
			runOnlyForDeploymentPostprocessing = 0;
			shellPath = /bin/sh;
			shellScript = "diff \"${PODS_ROOT}/../Podfile.lock\" \"${PODS_ROOT}/Manifest.lock\" > /dev/null\nif [[ $? != 0 ]] ; then\n    cat << EOM\nerror: The sandbox is not in sync with the Podfile.lock. Run 'pod install' or update your CocoaPods installation.\nEOM\n    exit 1\nfi\n";
			showEnvVarsInLog = 0;
		};
/* End PBXShellScriptBuildPhase section */

/* Begin PBXSourcesBuildPhase section */
		A21F28B71AC6EDCE00E12827 /* Sources */ = {
			isa = PBXSourcesBuildPhase;
			buildActionMask = 2147483647;
			files = (
				A272D9941AC8276A007D9142 /* WorkoutContentTableViewController.swift in Sources */,
				A2DED2D71AC8615E00ACF419 /* WorkoutPageViewControllerDelegate.swift in Sources */,
				A2932AF01AC9F13800C7CD77 /* Sets.swift in Sources */,
				A2B2764B1ACF2E1900A68D77 /* WebViewController.swift in Sources */,
				A21F28C11AC6EDCE00E12827 /* AppDelegate.swift in Sources */,
			);
			runOnlyForDeploymentPostprocessing = 0;
		};
		A21F28CE1AC6EDCE00E12827 /* Sources */ = {
			isa = PBXSourcesBuildPhase;
			buildActionMask = 2147483647;
			files = (
				A21F28D91AC6EDCE00E12827 /* GainsTests.swift in Sources */,
			);
			runOnlyForDeploymentPostprocessing = 0;
		};
/* End PBXSourcesBuildPhase section */

/* Begin PBXTargetDependency section */
		A21F28D41AC6EDCE00E12827 /* PBXTargetDependency */ = {
			isa = PBXTargetDependency;
			target = A21F28BA1AC6EDCE00E12827 /* MakeSwipeTables */;
			targetProxy = A21F28D31AC6EDCE00E12827 /* PBXContainerItemProxy */;
		};
/* End PBXTargetDependency section */

/* Begin PBXVariantGroup section */
		A21F28C61AC6EDCE00E12827 /* Main.storyboard */ = {
			isa = PBXVariantGroup;
			children = (
				A21F28C71AC6EDCE00E12827 /* Base */,
			);
			name = Main.storyboard;
			sourceTree = "<group>";
		};
		A21F28CB1AC6EDCE00E12827 /* LaunchScreen.xib */ = {
			isa = PBXVariantGroup;
			children = (
				A21F28CC1AC6EDCE00E12827 /* Base */,
			);
			name = LaunchScreen.xib;
			sourceTree = "<group>";
		};
/* End PBXVariantGroup section */

/* Begin XCBuildConfiguration section */
		A21F28DA1AC6EDCE00E12827 /* Debug */ = {
			isa = XCBuildConfiguration;
			buildSettings = {
				ALWAYS_SEARCH_USER_PATHS = NO;
				CLANG_CXX_LANGUAGE_STANDARD = "gnu++0x";
				CLANG_CXX_LIBRARY = "libc++";
				CLANG_ENABLE_MODULES = YES;
				CLANG_ENABLE_OBJC_ARC = YES;
				CLANG_WARN_BOOL_CONVERSION = YES;
				CLANG_WARN_CONSTANT_CONVERSION = YES;
				CLANG_WARN_DIRECT_OBJC_ISA_USAGE = YES_ERROR;
				CLANG_WARN_EMPTY_BODY = YES;
				CLANG_WARN_ENUM_CONVERSION = YES;
				CLANG_WARN_INT_CONVERSION = YES;
				CLANG_WARN_OBJC_ROOT_CLASS = YES_ERROR;
				CLANG_WARN_UNREACHABLE_CODE = YES;
				CLANG_WARN__DUPLICATE_METHOD_MATCH = YES;
				"CODE_SIGN_IDENTITY[sdk=iphoneos*]" = "iPhone Developer";
				COPY_PHASE_STRIP = NO;
				ENABLE_STRICT_OBJC_MSGSEND = YES;
				GCC_C_LANGUAGE_STANDARD = gnu99;
				GCC_DYNAMIC_NO_PIC = NO;
				GCC_OPTIMIZATION_LEVEL = 0;
				GCC_PREPROCESSOR_DEFINITIONS = (
					"DEBUG=1",
					"$(inherited)",
				);
				GCC_SYMBOLS_PRIVATE_EXTERN = NO;
				GCC_WARN_64_TO_32_BIT_CONVERSION = YES;
				GCC_WARN_ABOUT_RETURN_TYPE = YES_ERROR;
				GCC_WARN_UNDECLARED_SELECTOR = YES;
				GCC_WARN_UNINITIALIZED_AUTOS = YES_AGGRESSIVE;
				GCC_WARN_UNUSED_FUNCTION = YES;
				GCC_WARN_UNUSED_VARIABLE = YES;
				IPHONEOS_DEPLOYMENT_TARGET = 8.2;
				MTL_ENABLE_DEBUG_INFO = YES;
				ONLY_ACTIVE_ARCH = YES;
				SDKROOT = iphoneos;
				SWIFT_OPTIMIZATION_LEVEL = "-Onone";
				TARGETED_DEVICE_FAMILY = "1,2";
			};
			name = Debug;
		};
		A21F28DB1AC6EDCE00E12827 /* Release */ = {
			isa = XCBuildConfiguration;
			buildSettings = {
				ALWAYS_SEARCH_USER_PATHS = NO;
				CLANG_CXX_LANGUAGE_STANDARD = "gnu++0x";
				CLANG_CXX_LIBRARY = "libc++";
				CLANG_ENABLE_MODULES = YES;
				CLANG_ENABLE_OBJC_ARC = YES;
				CLANG_WARN_BOOL_CONVERSION = YES;
				CLANG_WARN_CONSTANT_CONVERSION = YES;
				CLANG_WARN_DIRECT_OBJC_ISA_USAGE = YES_ERROR;
				CLANG_WARN_EMPTY_BODY = YES;
				CLANG_WARN_ENUM_CONVERSION = YES;
				CLANG_WARN_INT_CONVERSION = YES;
				CLANG_WARN_OBJC_ROOT_CLASS = YES_ERROR;
				CLANG_WARN_UNREACHABLE_CODE = YES;
				CLANG_WARN__DUPLICATE_METHOD_MATCH = YES;
				"CODE_SIGN_IDENTITY[sdk=iphoneos*]" = "iPhone Developer";
				COPY_PHASE_STRIP = NO;
				ENABLE_NS_ASSERTIONS = NO;
				ENABLE_STRICT_OBJC_MSGSEND = YES;
				GCC_C_LANGUAGE_STANDARD = gnu99;
				GCC_WARN_64_TO_32_BIT_CONVERSION = YES;
				GCC_WARN_ABOUT_RETURN_TYPE = YES_ERROR;
				GCC_WARN_UNDECLARED_SELECTOR = YES;
				GCC_WARN_UNINITIALIZED_AUTOS = YES_AGGRESSIVE;
				GCC_WARN_UNUSED_FUNCTION = YES;
				GCC_WARN_UNUSED_VARIABLE = YES;
				IPHONEOS_DEPLOYMENT_TARGET = 8.2;
				MTL_ENABLE_DEBUG_INFO = NO;
				SDKROOT = iphoneos;
				TARGETED_DEVICE_FAMILY = "1,2";
				VALIDATE_PRODUCT = YES;
			};
			name = Release;
		};
		A21F28DD1AC6EDCE00E12827 /* Debug */ = {
			isa = XCBuildConfiguration;
			baseConfigurationReference = 89579D4FFD1BBFAD166D609A /* Pods.debug.xcconfig */;
			buildSettings = {
				ASSETCATALOG_COMPILER_APPICON_NAME = AppIcon;
				INFOPLIST_FILE = Gains/Info.plist;
				LD_RUNPATH_SEARCH_PATHS = "$(inherited) @executable_path/Frameworks";
				PRODUCT_NAME = MakeSwipeTables;
				SWIFT_OBJC_BRIDGING_HEADER = "Gains/Gains-Bridging-Header.h";
			};
			name = Debug;
		};
		A21F28DE1AC6EDCE00E12827 /* Release */ = {
			isa = XCBuildConfiguration;
			baseConfigurationReference = 0E7E25C42B71673EEFB96A5A /* Pods.release.xcconfig */;
			buildSettings = {
				ASSETCATALOG_COMPILER_APPICON_NAME = AppIcon;
				INFOPLIST_FILE = Gains/Info.plist;
				LD_RUNPATH_SEARCH_PATHS = "$(inherited) @executable_path/Frameworks";
				PRODUCT_NAME = MakeSwipeTables;
				SWIFT_OBJC_BRIDGING_HEADER = "Gains/Gains-Bridging-Header.h";
			};
			name = Release;
		};
		A21F28E01AC6EDCE00E12827 /* Debug */ = {
			isa = XCBuildConfiguration;
			buildSettings = {
				BUNDLE_LOADER = "$(TEST_HOST)";
				FRAMEWORK_SEARCH_PATHS = (
					"$(SDKROOT)/Developer/Library/Frameworks",
					"$(inherited)",
				);
				GCC_PREPROCESSOR_DEFINITIONS = (
					"DEBUG=1",
					"$(inherited)",
				);
				INFOPLIST_FILE = GainsTests/Info.plist;
				LD_RUNPATH_SEARCH_PATHS = "$(inherited) @executable_path/Frameworks @loader_path/Frameworks";
				PRODUCT_NAME = MakeSwipeTablesTests;
				TEST_HOST = "$(BUILT_PRODUCTS_DIR)/Gains.app/Gains";
			};
			name = Debug;
		};
		A21F28E11AC6EDCE00E12827 /* Release */ = {
			isa = XCBuildConfiguration;
			buildSettings = {
				BUNDLE_LOADER = "$(TEST_HOST)";
				FRAMEWORK_SEARCH_PATHS = (
					"$(SDKROOT)/Developer/Library/Frameworks",
					"$(inherited)",
				);
				INFOPLIST_FILE = GainsTests/Info.plist;
				LD_RUNPATH_SEARCH_PATHS = "$(inherited) @executable_path/Frameworks @loader_path/Frameworks";
				PRODUCT_NAME = MakeSwipeTablesTests;
				TEST_HOST = "$(BUILT_PRODUCTS_DIR)/Gains.app/Gains";
			};
			name = Release;
		};
/* End XCBuildConfiguration section */

/* Begin XCConfigurationList section */
		A21F28B61AC6EDCE00E12827 /* Build configuration list for PBXProject "MakeSwipeTables" */ = {
			isa = XCConfigurationList;
			buildConfigurations = (
				A21F28DA1AC6EDCE00E12827 /* Debug */,
				A21F28DB1AC6EDCE00E12827 /* Release */,
			);
			defaultConfigurationIsVisible = 0;
			defaultConfigurationName = Release;
		};
		A21F28DC1AC6EDCE00E12827 /* Build configuration list for PBXNativeTarget "MakeSwipeTables" */ = {
			isa = XCConfigurationList;
			buildConfigurations = (
				A21F28DD1AC6EDCE00E12827 /* Debug */,
				A21F28DE1AC6EDCE00E12827 /* Release */,
			);
			defaultConfigurationIsVisible = 0;
			defaultConfigurationName = Release;
		};
		A21F28DF1AC6EDCE00E12827 /* Build configuration list for PBXNativeTarget "MakeSwipeTablesTests" */ = {
			isa = XCConfigurationList;
			buildConfigurations = (
				A21F28E01AC6EDCE00E12827 /* Debug */,
				A21F28E11AC6EDCE00E12827 /* Release */,
			);
			defaultConfigurationIsVisible = 0;
			defaultConfigurationName = Release;
		};
/* End XCConfigurationList section */
	};
	rootObject = A21F28B31AC6EDCE00E12827 /* Project object */;
}
